// !$*UTF8*$!
{
	archiveVersion = 1;
	classes = {
	};
	objectVersion = 50;
	objects = {

/* Begin PBXBuildFile section */
		A26AD33A23EC734B00882E35 /* AppDelegate.swift in Sources */ = {isa = PBXBuildFile; fileRef = A26AD33923EC734B00882E35 /* AppDelegate.swift */; };
		A26AD33C23EC734B00882E35 /* SceneDelegate.swift in Sources */ = {isa = PBXBuildFile; fileRef = A26AD33B23EC734B00882E35 /* SceneDelegate.swift */; };
		A26AD33E23EC734B00882E35 /* SourcesViewController.swift in Sources */ = {isa = PBXBuildFile; fileRef = A26AD33D23EC734B00882E35 /* SourcesViewController.swift */; };
		A26AD34123EC734B00882E35 /* Main.storyboard in Resources */ = {isa = PBXBuildFile; fileRef = A26AD33F23EC734B00882E35 /* Main.storyboard */; };
		A26AD34323EC734E00882E35 /* Assets.xcassets in Resources */ = {isa = PBXBuildFile; fileRef = A26AD34223EC734E00882E35 /* Assets.xcassets */; };
		A26AD34623EC734E00882E35 /* LaunchScreen.storyboard in Resources */ = {isa = PBXBuildFile; fileRef = A26AD34423EC734E00882E35 /* LaunchScreen.storyboard */; };
		A26AD34E23EC73D900882E35 /* SwiftyJSON.swift in Sources */ = {isa = PBXBuildFile; fileRef = A26AD34D23EC73D900882E35 /* SwiftyJSON.swift */; };
		A26AD35023F3109300882E35 /* IngredientsViewController.swift in Sources */ = {isa = PBXBuildFile; fileRef = A26AD34F23F3109300882E35 /* IngredientsViewController.swift */; };
/* End PBXBuildFile section */

/* Begin PBXFileReference section */
		A26AD33623EC734B00882E35 /* API Jokes.app */ = {isa = PBXFileReference; explicitFileType = wrapper.application; includeInIndex = 0; path = "API Jokes.app"; sourceTree = BUILT_PRODUCTS_DIR; };
		A26AD33923EC734B00882E35 /* AppDelegate.swift */ = {isa = PBXFileReference; lastKnownFileType = sourcecode.swift; path = AppDelegate.swift; sourceTree = "<group>"; };
		A26AD33B23EC734B00882E35 /* SceneDelegate.swift */ = {isa = PBXFileReference; lastKnownFileType = sourcecode.swift; path = SceneDelegate.swift; sourceTree = "<group>"; };
		A26AD33D23EC734B00882E35 /* SourcesViewController.swift */ = {isa = PBXFileReference; lastKnownFileType = sourcecode.swift; path = SourcesViewController.swift; sourceTree = "<group>"; };
		A26AD34023EC734B00882E35 /* Base */ = {isa = PBXFileReference; lastKnownFileType = file.storyboard; name = Base; path = Base.lproj/Main.storyboard; sourceTree = "<group>"; };
		A26AD34223EC734E00882E35 /* Assets.xcassets */ = {isa = PBXFileReference; lastKnownFileType = folder.assetcatalog; path = Assets.xcassets; sourceTree = "<group>"; };
		A26AD34523EC734E00882E35 /* Base */ = {isa = PBXFileReference; lastKnownFileType = file.storyboard; name = Base; path = Base.lproj/LaunchScreen.storyboard; sourceTree = "<group>"; };
		A26AD34723EC734E00882E35 /* Info.plist */ = {isa = PBXFileReference; lastKnownFileType = text.plist.xml; path = Info.plist; sourceTree = "<group>"; };
		A26AD34D23EC73D900882E35 /* SwiftyJSON.swift */ = {isa = PBXFileReference; fileEncoding = 4; lastKnownFileType = sourcecode.swift; path = SwiftyJSON.swift; sourceTree = "<group>"; };
		A26AD34F23F3109300882E35 /* IngredientsViewController.swift */ = {isa = PBXFileReference; lastKnownFileType = sourcecode.swift; path = IngredientsViewController.swift; sourceTree = "<group>"; };
/* End PBXFileReference section */

/* Begin PBXFrameworksBuildPhase section */
		A26AD33323EC734B00882E35 /* Frameworks */ = {
			isa = PBXFrameworksBuildPhase;
			buildActionMask = 2147483647;
			files = (
			);
			runOnlyForDeploymentPostprocessing = 0;
		};
/* End PBXFrameworksBuildPhase section */

/* Begin PBXGroup section */
		A26AD32D23EC734A00882E35 = {
			isa = PBXGroup;
			children = (
				A26AD33823EC734B00882E35 /* API Jokes */,
				A26AD33723EC734B00882E35 /* Products */,
			);
			sourceTree = "<group>";
		};
		A26AD33723EC734B00882E35 /* Products */ = {
			isa = PBXGroup;
			children = (
				A26AD33623EC734B00882E35 /* API Jokes.app */,
			);
			name = Products;
			sourceTree = "<group>";
		};
		A26AD33823EC734B00882E35 /* API Jokes */ = {
			isa = PBXGroup;
			children = (
				A26AD33923EC734B00882E35 /* AppDelegate.swift */,
				A26AD33B23EC734B00882E35 /* SceneDelegate.swift */,
				A26AD33D23EC734B00882E35 /* SourcesViewController.swift */,
				A26AD34F23F3109300882E35 /* IngredientsViewController.swift */,
				A26AD33F23EC734B00882E35 /* Main.storyboard */,
				A26AD34223EC734E00882E35 /* Assets.xcassets */,
				A26AD34423EC734E00882E35 /* LaunchScreen.storyboard */,
				A26AD34D23EC73D900882E35 /* SwiftyJSON.swift */,
				A26AD34723EC734E00882E35 /* Info.plist */,
			);
			path = "API Jokes";
			sourceTree = "<group>";
		};
/* End PBXGroup section */

/* Begin PBXNativeTarget section */
		A26AD33523EC734B00882E35 /* API Jokes */ = {
			isa = PBXNativeTarget;
			buildConfigurationList = A26AD34A23EC734E00882E35 /* Build configuration list for PBXNativeTarget "API Jokes" */;
			buildPhases = (
				A26AD33223EC734B00882E35 /* Sources */,
				A26AD33323EC734B00882E35 /* Frameworks */,
				A26AD33423EC734B00882E35 /* Resources */,
			);
			buildRules = (
			);
			dependencies = (
			);
			name = "API Jokes";
			productName = "API Jokes";
			productReference = A26AD33623EC734B00882E35 /* API Jokes.app */;
			productType = "com.apple.product-type.application";
		};
/* End PBXNativeTarget section */

/* Begin PBXProject section */
		A26AD32E23EC734A00882E35 /* Project object */ = {
			isa = PBXProject;
			attributes = {
				LastSwiftUpdateCheck = 1130;
				LastUpgradeCheck = 1130;
				ORGANIZATIONNAME = "Brandon Escobar";
				TargetAttributes = {
					A26AD33523EC734B00882E35 = {
						CreatedOnToolsVersion = 11.3.1;
					};
				};
			};
			buildConfigurationList = A26AD33123EC734A00882E35 /* Build configuration list for PBXProject "API Jokes" */;
			compatibilityVersion = "Xcode 9.3";
			developmentRegion = en;
			hasScannedForEncodings = 0;
			knownRegions = (
				en,
				Base,
			);
			mainGroup = A26AD32D23EC734A00882E35;
			productRefGroup = A26AD33723EC734B00882E35 /* Products */;
			projectDirPath = "";
			projectRoot = "";
			targets = (
				A26AD33523EC734B00882E35 /* API Jokes */,
			);
		};
/* End PBXProject section */

/* Begin PBXResourcesBuildPhase section */
		A26AD33423EC734B00882E35 /* Resources */ = {
			isa = PBXResourcesBuildPhase;
			buildActionMask = 2147483647;
			files = (
				A26AD34623EC734E00882E35 /* LaunchScreen.storyboard in Resources */,
				A26AD34323EC734E00882E35 /* Assets.xcassets in Resources */,
				A26AD34123EC734B00882E35 /* Main.storyboard in Resources */,
			);
			runOnlyForDeploymentPostprocessing = 0;
		};
/* End PBXResourcesBuildPhase section */

/* Begin PBXSourcesBuildPhase section */
		A26AD33223EC734B00882E35 /* Sources */ = {
			isa = PBXSourcesBuildPhase;
			buildActionMask = 2147483647;
			files = (
				A26AD35023F3109300882E35 /* IngredientsViewController.swift in Sources */,
				A26AD33E23EC734B00882E35 /* SourcesViewController.swift in Sources */,
				A26AD33A23EC734B00882E35 /* AppDelegate.swift in Sources */,
				A26AD33C23EC734B00882E35 /* SceneDelegate.swift in Sources */,
				A26AD34E23EC73D900882E35 /* SwiftyJSON.swift in Sources */,
			);
			runOnlyForDeploymentPostprocessing = 0;
		};
/* End PBXSourcesBuildPhase section */

/* Begin PBXVariantGroup section */
		A26AD33F23EC734B00882E35 /* Main.storyboard */ = {
			isa = PBXVariantGroup;
			children = (
				A26AD34023EC734B00882E35 /* Base */,
			);
			name = Main.storyboard;
			sourceTree = "<group>";
		};
		A26AD34423EC734E00882E35 /* LaunchScreen.storyboard */ = {
			isa = PBXVariantGroup;
			children = (
				A26AD34523EC734E00882E35 /* Base */,
			);
			name = LaunchScreen.storyboard;
			sourceTree = "<group>";
		};
/* End PBXVariantGroup section */

/* Begin XCBuildConfiguration section */
		A26AD34823EC734E00882E35 /* Debug */ = {
			isa = XCBuildConfiguration;
			buildSettings = {
				ALWAYS_SEARCH_USER_PATHS = NO;
				CLANG_ANALYZER_NONNULL = YES;
				CLANG_ANALYZER_NUMBER_OBJECT_CONVERSION = YES_AGGRESSIVE;
				CLANG_CXX_LANGUAGE_STANDARD = "gnu++14";
				CLANG_CXX_LIBRARY = "libc++";
				CLANG_ENABLE_MODULES = YES;
				CLANG_ENABLE_OBJC_ARC = YES;
				CLANG_ENABLE_OBJC_WEAK = YES;
				CLANG_WARN_BLOCK_CAPTURE_AUTORELEASING = YES;
				CLANG_WARN_BOOL_CONVERSION = YES;
				CLANG_WARN_COMMA = YES;
				CLANG_WARN_CONSTANT_CONVERSION = YES;
				CLANG_WARN_DEPRECATED_OBJC_IMPLEMENTATIONS = YES;
				CLANG_WARN_DIRECT_OBJC_ISA_USAGE = YES_ERROR;
				CLANG_WARN_DOCUMENTATION_COMMENTS = YES;
				CLANG_WARN_EMPTY_BODY = YES;
				CLANG_WARN_ENUM_CONVERSION = YES;
				CLANG_WARN_INFINITE_RECURSION = YES;
				CLANG_WARN_INT_CONVERSION = YES;
				CLANG_WARN_NON_LITERAL_NULL_CONVERSION = YES;
				CLANG_WARN_OBJC_IMPLICIT_RETAIN_SELF = YES;
				CLANG_WARN_OBJC_LITERAL_CONVERSION = YES;
				CLANG_WARN_OBJC_ROOT_CLASS = YES_ERROR;
				CLANG_WARN_RANGE_LOOP_ANALYSIS = YES;
				CLANG_WARN_STRICT_PROTOTYPES = YES;
				CLANG_WARN_SUSPICIOUS_MOVE = YES;
				CLANG_WARN_UNGUARDED_AVAILABILITY = YES_AGGRESSIVE;
				CLANG_WARN_UNREACHABLE_CODE = YES;
				CLANG_WARN__DUPLICATE_METHOD_MATCH = YES;
				COPY_PHASE_STRIP = NO;
				DEBUG_INFORMATION_FORMAT = dwarf;
				ENABLE_STRICT_OBJC_MSGSEND = YES;
				ENABLE_TESTABILITY = YES;
				GCC_C_LANGUAGE_STANDARD = gnu11;
				GCC_DYNAMIC_NO_PIC = NO;
				GCC_NO_COMMON_BLOCKS = YES;
				GCC_OPTIMIZATION_LEVEL = 0;
				GCC_PREPROCESSOR_DEFINITIONS = (
					"DEBUG=1",
					"$(inherited)",
				);
				GCC_WARN_64_TO_32_BIT_CONVERSION = YES;
				GCC_WARN_ABOUT_RETURN_TYPE = YES_ERROR;
				GCC_WARN_UNDECLARED_SELECTOR = YES;
				GCC_WARN_UNINITIALIZED_AUTOS = YES_AGGRESSIVE;
				GCC_WARN_UNUSED_FUNCTION = YES;
				GCC_WARN_UNUSED_VARIABLE = YES;
				IPHONEOS_DEPLOYMENT_TARGET = 13.2;
				MTL_ENABLE_DEBUG_INFO = INCLUDE_SOURCE;
				MTL_FAST_MATH = YES;
				ONLY_ACTIVE_ARCH = YES;
				SDKROOT = iphoneos;
				SWIFT_ACTIVE_COMPILATION_CONDITIONS = DEBUG;
				SWIFT_OPTIMIZATION_LEVEL = "-Onone";
			};
			name = Debug;
		};
		A26AD34923EC734E00882E35 /* Release */ = {
			isa = XCBuildConfiguration;
			buildSettings = {
				ALWAYS_SEARCH_USER_PATHS = NO;
				CLANG_ANALYZER_NONNULL = YES;
				CLANG_ANALYZER_NUMBER_OBJECT_CONVERSION = YES_AGGRESSIVE;
				CLANG_CXX_LANGUAGE_STANDARD = "gnu++14";
				CLANG_CXX_LIBRARY = "libc++";
				CLANG_ENABLE_MODULES = YES;
				CLANG_ENABLE_OBJC_ARC = YES;
				CLANG_ENABLE_OBJC_WEAK = YES;
				CLANG_WARN_BLOCK_CAPTURE_AUTORELEASING = YES;
				CLANG_WARN_BOOL_CONVERSION = YES;
				CLANG_WARN_COMMA = YES;
				CLANG_WARN_CONSTANT_CONVERSION = YES;
				CLANG_WARN_DEPRECATED_OBJC_IMPLEMENTATIONS = YES;
				CLANG_WARN_DIRECT_OBJC_ISA_USAGE = YES_ERROR;
				CLANG_WARN_DOCUMENTATION_COMMENTS = YES;
				CLANG_WARN_EMPTY_BODY = YES;
				CLANG_WARN_ENUM_CONVERSION = YES;
				CLANG_WARN_INFINITE_RECURSION = YES;
				CLANG_WARN_INT_CONVERSION = YES;
				CLANG_WARN_NON_LITERAL_NULL_CONVERSION = YES;
				CLANG_WARN_OBJC_IMPLICIT_RETAIN_SELF = YES;
				CLANG_WARN_OBJC_LITERAL_CONVERSION = YES;
				CLANG_WARN_OBJC_ROOT_CLASS = YES_ERROR;
				CLANG_WARN_RANGE_LOOP_ANALYSIS = YES;
				CLANG_WARN_STRICT_PROTOTYPES = YES;
				CLANG_WARN_SUSPICIOUS_MOVE = YES;
				CLANG_WARN_UNGUARDED_AVAILABILITY = YES_AGGRESSIVE;
				CLANG_WARN_UNREACHABLE_CODE = YES;
				CLANG_WARN__DUPLICATE_METHOD_MATCH = YES;
				COPY_PHASE_STRIP = NO;
				DEBUG_INFORMATION_FORMAT = "dwarf-with-dsym";
				ENABLE_NS_ASSERTIONS = NO;
				ENABLE_STRICT_OBJC_MSGSEND = YES;
				GCC_C_LANGUAGE_STANDARD = gnu11;
				GCC_NO_COMMON_BLOCKS = YES;
				GCC_WARN_64_TO_32_BIT_CONVERSION = YES;
				GCC_WARN_ABOUT_RETURN_TYPE = YES_ERROR;
				GCC_WARN_UNDECLARED_SELECTOR = YES;
				GCC_WARN_UNINITIALIZED_AUTOS = YES_AGGRESSIVE;
				GCC_WARN_UNUSED_FUNCTION = YES;
				GCC_WARN_UNUSED_VARIABLE = YES;
				IPHONEOS_DEPLOYMENT_TARGET = 13.2;
				MTL_ENABLE_DEBUG_INFO = NO;
				MTL_FAST_MATH = YES;
				SDKROOT = iphoneos;
				SWIFT_COMPILATION_MODE = wholemodule;
				SWIFT_OPTIMIZATION_LEVEL = "-O";
				VALIDATE_PRODUCT = YES;
			};
			name = Release;
		};
		A26AD34B23EC734E00882E35 /* Debug */ = {
			isa = XCBuildConfiguration;
			buildSettings = {
				ASSETCATALOG_COMPILER_APPICON_NAME = AppIcon;
				CODE_SIGN_STYLE = Automatic;
				INFOPLIST_FILE = "API Jokes/Info.plist";
				LD_RUNPATH_SEARCH_PATHS = (
					"$(inherited)",
					"@executable_path/Frameworks",
				);
				PRODUCT_BUNDLE_IDENTIFIER = "op.API-Jokes";
				PRODUCT_NAME = "$(TARGET_NAME)";
				SWIFT_VERSION = 5.0;
				TARGETED_DEVICE_FAMILY = "1,2";
			};
			name = Debug;
		};
		A26AD34C23EC734E00882E35 /* Release */ = {
			isa = XCBuildConfiguration;
			buildSettings = {
				ASSETCATALOG_COMPILER_APPICON_NAME = AppIcon;
				CODE_SIGN_STYLE = Automatic;
				INFOPLIST_FILE = "API Jokes/Info.plist";
				LD_RUNPATH_SEARCH_PATHS = (
					"$(inherited)",
					"@executable_path/Frameworks",
				);
				PRODUCT_BUNDLE_IDENTIFIER = "op.API-Jokes";
				PRODUCT_NAME = "$(TARGET_NAME)";
				SWIFT_VERSION = 5.0;
				TARGETED_DEVICE_FAMILY = "1,2";
			};
			name = Release;
		};
/* End XCBuildConfiguration section */

/* Begin XCConfigurationList section */
		A26AD33123EC734A00882E35 /* Build configuration list for PBXProject "API Jokes" */ = {
			isa = XCConfigurationList;
			buildConfigurations = (
				A26AD34823EC734E00882E35 /* Debug */,
				A26AD34923EC734E00882E35 /* Release */,
			);
			defaultConfigurationIsVisible = 0;
			defaultConfigurationName = Release;
		};
		A26AD34A23EC734E00882E35 /* Build configuration list for PBXNativeTarget "API Jokes" */ = {
			isa = XCConfigurationList;
			buildConfigurations = (
				A26AD34B23EC734E00882E35 /* Debug */,
				A26AD34C23EC734E00882E35 /* Release */,
			);
			defaultConfigurationIsVisible = 0;
			defaultConfigurationName = Release;
		};
/* End XCConfigurationList section */
	};
	rootObject = A26AD32E23EC734A00882E35 /* Project object */;
}
